
Microsoft Visual Studio Solution File, Format Version 12.00
# Visual Studio 2012
VisualStudioVersion = 14.0.25420.1
MinimumVisualStudioVersion = 10.0.40219.1
Project("{2150E333-8FDC-42A3-9474-1A3956D46DE8}") = "Functions", "Functions", "{BE5FCEC1-37F6-41C2-95BC-9FF325F5DA59}"
EndProject
Project("{FAE04EC0-301F-11D3-BF4B-00C04F79EFBC}") = "MSiteDLL", "MSiteDLL\MSiteDLL.csproj", "{E9587C14-25B1-487B-9984-30ABF3A4230D}"
EndProject
Project("{FAE04EC0-301F-11D3-BF4B-00C04F79EFBC}") = "MDatabase", "MDatabase\MDatabase.csproj", "{F4B3441F-0FB0-4606-806E-A54243123248}"
EndProject
Project("{FAE04EC0-301F-11D3-BF4B-00C04F79EFBC}") = "Verify", "Verify\Verify.csproj", "{FD3E0079-0FD8-4B03-B363-33E57B5271EB}"
EndProject
Project("{2150E333-8FDC-42A3-9474-1A3956D46DE8}") = "Core", "Core", "{F8AC37BE-C3FB-4C07-9860-55D6D016475F}"
EndProject
Project("{FAE04EC0-301F-11D3-BF4B-00C04F79EFBC}") = "MSite", "MSite\MSite.csproj", "{AF74326B-210B-4465-AD15-54CA98B2E62D}"
EndProject
Project("{FAE04EC0-301F-11D3-BF4B-00C04F79EFBC}") = "MSiteFramework", "MSiteFramework\MSiteFramework.csproj", "{52CBC114-553B-4573-934E-AA767D0B357A}"
EndProject
Project("{FAE04EC0-301F-11D3-BF4B-00C04F79EFBC}") = "SimpleHttpServer", "SimpleHttpServer\SimpleHttpServer.csproj", "{9E139539-C272-488A-BFCF-CADDF458DF9D}"
EndProject
Project("{FAE04EC0-301F-11D3-BF4B-00C04F79EFBC}") = "MSSc", "MSSc\MSSc.csproj", "{C94C5D29-3833-4F53-904B-0E43C287ACD1}"
EndProject
Project("{2150E333-8FDC-42A3-9474-1A3956D46DE8}") = "Engines", "Engines", "{27658DDC-9127-4657-A2C5-505FA82F7EFB}"
EndProject
Project("{FAE04EC0-301F-11D3-BF4B-00C04F79EFBC}") = "mse1_0", "mse1_0\mse1_0.csproj", "{52258EB0-5A65-4C98-9EBA-DC0FFD3E9C2B}"
EndProject
Project("{FAE04EC0-301F-11D3-BF4B-00C04F79EFBC}") = "mse2_0", "mse2_0\mse2_0.csproj", "{0167FAFA-6717-4889-A111-9BD8E00132A1}"
EndProject
Project("{FAE04EC0-301F-11D3-BF4B-00C04F79EFBC}") = "MySite", "MySite\MySite.csproj", "{33A9381F-5F5D-4605-9423-875956388720}"
EndProject
Project("{FAE04EC0-301F-11D3-BF4B-00C04F79EFBC}") = "ostu", "ostu\ostu.csproj", "{86D480E2-52AD-4B77-8331-2EA63378610E}"
EndProject
Project("{2150E333-8FDC-42A3-9474-1A3956D46DE8}") = "Git", "Git", "{52317BBA-C549-4D9B-8BC3-70E954195385}"
	ProjectSection(SolutionItems) = preProject
		build = build
		LICENSE.txt = LICENSE.txt
		README.md = README.md
		compile.sh = compile.sh
	EndProjectSection
EndProject
Global
	GlobalSection(SolutionConfigurationPlatforms) = preSolution
		Debug|x86 = Debug|x86
		Release|x86 = Release|x86
	EndGlobalSection
	GlobalSection(ProjectConfigurationPlatforms) = postSolution
		{0167FAFA-6717-4889-A111-9BD8E00132A1}.Debug|x86.ActiveCfg = Debug|Any CPU
		{0167FAFA-6717-4889-A111-9BD8E00132A1}.Debug|x86.Build.0 = Debug|Any CPU
		{0167FAFA-6717-4889-A111-9BD8E00132A1}.Release|x86.ActiveCfg = Release|Any CPU
		{0167FAFA-6717-4889-A111-9BD8E00132A1}.Release|x86.Build.0 = Release|Any CPU
		{33A9381F-5F5D-4605-9423-875956388720}.Debug|x86.ActiveCfg = Debug|Any CPU
		{33A9381F-5F5D-4605-9423-875956388720}.Debug|x86.Build.0 = Debug|Any CPU
		{33A9381F-5F5D-4605-9423-875956388720}.Release|x86.ActiveCfg = Release|Any CPU
		{33A9381F-5F5D-4605-9423-875956388720}.Release|x86.Build.0 = Release|Any CPU
		{52258EB0-5A65-4C98-9EBA-DC0FFD3E9C2B}.Debug|x86.ActiveCfg = Debug|Any CPU
		{52258EB0-5A65-4C98-9EBA-DC0FFD3E9C2B}.Debug|x86.Build.0 = Debug|Any CPU
		{52258EB0-5A65-4C98-9EBA-DC0FFD3E9C2B}.Release|x86.ActiveCfg = Release|Any CPU
		{52258EB0-5A65-4C98-9EBA-DC0FFD3E9C2B}.Release|x86.Build.0 = Release|Any CPU
		{52CBC114-553B-4573-934E-AA767D0B357A}.Debug|x86.ActiveCfg = Debug|Any CPU
		{52CBC114-553B-4573-934E-AA767D0B357A}.Debug|x86.Build.0 = Debug|Any CPU
		{52CBC114-553B-4573-934E-AA767D0B357A}.Release|x86.ActiveCfg = Release|Any CPU
		{52CBC114-553B-4573-934E-AA767D0B357A}.Release|x86.Build.0 = Release|Any CPU
		{86D480E2-52AD-4B77-8331-2EA63378610E}.Debug|x86.ActiveCfg = Debug|Any CPU
		{86D480E2-52AD-4B77-8331-2EA63378610E}.Debug|x86.Build.0 = Debug|Any CPU
		{86D480E2-52AD-4B77-8331-2EA63378610E}.Release|x86.ActiveCfg = Release|Any CPU
		{86D480E2-52AD-4B77-8331-2EA63378610E}.Release|x86.Build.0 = Release|Any CPU
		{9E139539-C272-488A-BFCF-CADDF458DF9D}.Debug|x86.ActiveCfg = Debug|Any CPU
		{9E139539-C272-488A-BFCF-CADDF458DF9D}.Debug|x86.Build.0 = Debug|Any CPU
		{9E139539-C272-488A-BFCF-CADDF458DF9D}.Release|x86.ActiveCfg = Release|x86
		{9E139539-C272-488A-BFCF-CADDF458DF9D}.Release|x86.Build.0 = Release|x86
		{AF74326B-210B-4465-AD15-54CA98B2E62D}.Debug|x86.ActiveCfg = Debug|Any CPU
		{AF74326B-210B-4465-AD15-54CA98B2E62D}.Debug|x86.Build.0 = Debug|Any CPU
		{AF74326B-210B-4465-AD15-54CA98B2E62D}.Release|x86.ActiveCfg = Release|Any CPU
		{AF74326B-210B-4465-AD15-54CA98B2E62D}.Release|x86.Build.0 = Release|Any CPU
		{C94C5D29-3833-4F53-904B-0E43C287ACD1}.Debug|x86.ActiveCfg = Debug|Any CPU
		{C94C5D29-3833-4F53-904B-0E43C287ACD1}.Debug|x86.Build.0 = Debug|Any CPU
		{C94C5D29-3833-4F53-904B-0E43C287ACD1}.Release|x86.ActiveCfg = Release|Any CPU
		{C94C5D29-3833-4F53-904B-0E43C287ACD1}.Release|x86.Build.0 = Release|Any CPU
		{E9587C14-25B1-487B-9984-30ABF3A4230D}.Debug|x86.ActiveCfg = Debug|Any CPU
		{E9587C14-25B1-487B-9984-30ABF3A4230D}.Debug|x86.Build.0 = Debug|Any CPU
		{E9587C14-25B1-487B-9984-30ABF3A4230D}.Release|x86.ActiveCfg = Release|Any CPU
		{E9587C14-25B1-487B-9984-30ABF3A4230D}.Release|x86.Build.0 = Release|Any CPU
		{F4B3441F-0FB0-4606-806E-A54243123248}.Debug|x86.ActiveCfg = Debug|Any CPU
		{F4B3441F-0FB0-4606-806E-A54243123248}.Debug|x86.Build.0 = Debug|Any CPU
		{F4B3441F-0FB0-4606-806E-A54243123248}.Release|x86.ActiveCfg = Release|Any CPU
		{F4B3441F-0FB0-4606-806E-A54243123248}.Release|x86.Build.0 = Release|Any CPU
		{FD3E0079-0FD8-4B03-B363-33E57B5271EB}.Debug|x86.ActiveCfg = Debug|Any CPU
		{FD3E0079-0FD8-4B03-B363-33E57B5271EB}.Debug|x86.Build.0 = Debug|Any CPU
		{FD3E0079-0FD8-4B03-B363-33E57B5271EB}.Release|x86.ActiveCfg = Release|Any CPU
		{FD3E0079-0FD8-4B03-B363-33E57B5271EB}.Release|x86.Build.0 = Release|Any CPU
	EndGlobalSection
	GlobalSection(NestedProjects) = preSolution
		{E9587C14-25B1-487B-9984-30ABF3A4230D} = {BE5FCEC1-37F6-41C2-95BC-9FF325F5DA59}
		{F4B3441F-0FB0-4606-806E-A54243123248} = {BE5FCEC1-37F6-41C2-95BC-9FF325F5DA59}
		{FD3E0079-0FD8-4B03-B363-33E57B5271EB} = {BE5FCEC1-37F6-41C2-95BC-9FF325F5DA59}
		{AF74326B-210B-4465-AD15-54CA98B2E62D} = {F8AC37BE-C3FB-4C07-9860-55D6D016475F}
		{52CBC114-553B-4573-934E-AA767D0B357A} = {F8AC37BE-C3FB-4C07-9860-55D6D016475F}
		{9E139539-C272-488A-BFCF-CADDF458DF9D} = {F8AC37BE-C3FB-4C07-9860-55D6D016475F}
		{C94C5D29-3833-4F53-904B-0E43C287ACD1} = {F8AC37BE-C3FB-4C07-9860-55D6D016475F}
		{52258EB0-5A65-4C98-9EBA-DC0FFD3E9C2B} = {27658DDC-9127-4657-A2C5-505FA82F7EFB}
		{0167FAFA-6717-4889-A111-9BD8E00132A1} = {27658DDC-9127-4657-A2C5-505FA82F7EFB}
		{33A9381F-5F5D-4605-9423-875956388720} = {27658DDC-9127-4657-A2C5-505FA82F7EFB}
		{86D480E2-52AD-4B77-8331-2EA63378610E} = {27658DDC-9127-4657-A2C5-505FA82F7EFB}
	EndGlobalSection
	GlobalSection(MonoDevelopProperties) = preSolution
		Policies = $0
		$0.DotNetNamingPolicy = $1
		$1.DirectoryNamespaceAssociation = None
		$1.ResourceNamePolicy = FileFormatDefault
	EndGlobalSection
	GlobalSection(SolutionProperties) = preSolution
		HideSolutionNode = FALSE
	EndGlobalSection
EndGlobal
